{
  "version": 4,
  "terraform_version": "1.9.3",
  "serial": 728,
  "lineage": "5064ab89-b973-c733-8b92-a5b47855270c",
  "outputs": {},
  "resources": [
    {
      "mode": "managed",
      "type": "azurerm_container_app_environment",
      "name": "example",
      "provider": "provider[\"registry.terraform.io/hashicorp/azurerm\"]",
      "instances": [
        {
          "schema_version": 0,
          "attributes": {
            "custom_domain_verification_id": "E03CF375B065A5457E6B1235F3C343AB351A33596A0AED1CF644DEA798D20ED3",
            "dapr_application_insights_connection_string": "",
            "default_domain": "livelybay-83002cf7.eastus.azurecontainerapps.io",
            "docker_bridge_cidr": "",
            "id": "/subscriptions/8947778a-f219-4a3f-b16f-7275c08a91ca/resourceGroups/martapp-resource-group/providers/Microsoft.App/managedEnvironments/example-environment",
            "infrastructure_resource_group_name": "",
            "infrastructure_subnet_id": "",
            "internal_load_balancer_enabled": false,
            "location": "eastus",
            "log_analytics_workspace_id": "/subscriptions/8947778a-f219-4a3f-b16f-7275c08a91ca/resourceGroups/martapp-resource-group/providers/Microsoft.OperationalInsights/workspaces/example-workspace",
            "mutual_tls_enabled": false,
            "name": "example-environment",
            "platform_reserved_cidr": "",
            "platform_reserved_dns_ip_address": "",
            "resource_group_name": "martapp-resource-group",
            "static_ip_address": "4.255.71.38",
            "tags": {},
            "timeouts": null,
            "workload_profile": [],
            "zone_redundancy_enabled": false
          },
          "sensitive_attributes": [
            [
              {
                "type": "get_attr",
                "value": "dapr_application_insights_connection_string"
              }
            ]
          ],
          "private": "eyJlMmJmYjczMC1lY2FhLTExZTYtOGY4OC0zNDM2M2JjN2M0YzAiOnsiY3JlYXRlIjoxODAwMDAwMDAwMDAwLCJkZWxldGUiOjE4MDAwMDAwMDAwMDAsInJlYWQiOjMwMDAwMDAwMDAwMCwidXBkYXRlIjoxODAwMDAwMDAwMDAwfX0=",
          "dependencies": [
            "azurerm_log_analytics_workspace.example",
            "azurerm_resource_group.martapp_rg"
          ]
        }
      ]
    },
    {
      "mode": "managed",
      "type": "azurerm_log_analytics_workspace",
      "name": "example",
      "provider": "provider[\"registry.terraform.io/hashicorp/azurerm\"]",
      "instances": [
        {
          "schema_version": 3,
          "attributes": {
            "allow_resource_only_permissions": true,
            "cmk_for_query_forced": false,
            "daily_quota_gb": -1,
            "data_collection_rule_id": "",
            "id": "/subscriptions/8947778a-f219-4a3f-b16f-7275c08a91ca/resourceGroups/martapp-resource-group/providers/Microsoft.OperationalInsights/workspaces/example-workspace",
            "identity": [],
            "immediate_data_purge_on_30_days_enabled": false,
            "internet_ingestion_enabled": true,
            "internet_query_enabled": true,
            "local_authentication_disabled": false,
            "location": "eastus",
            "name": "example-workspace",
            "primary_shared_key": "evBMGkO4EcSiKTaNMX6FRf6N+4rcDG+LJODHZ0iZ2vr7LB0fmEWab2MnrFi9TNJZV3dpQZtUpxWRnsIDAHcrMQ==",
            "reservation_capacity_in_gb_per_day": null,
            "resource_group_name": "martapp-resource-group",
            "retention_in_days": 30,
            "secondary_shared_key": "EV858YrM0eRq87AL3wx0XeRpJJOhgqGdy6vtaXmKkIERpUS+U4L7+LG07Ugh3fPAJpZk8jx98JPszzEhIlnkqg==",
            "sku": "PerGB2018",
            "tags": {},
            "timeouts": null,
            "workspace_id": "0c439bad-76ab-4ab8-8880-1c0ab482e33a"
          },
          "sensitive_attributes": [
            [
              {
                "type": "get_attr",
                "value": "primary_shared_key"
              }
            ],
            [
              {
                "type": "get_attr",
                "value": "secondary_shared_key"
              }
            ]
          ],
          "private": "eyJlMmJmYjczMC1lY2FhLTExZTYtOGY4OC0zNDM2M2JjN2M0YzAiOnsiY3JlYXRlIjoxODAwMDAwMDAwMDAwLCJkZWxldGUiOjE4MDAwMDAwMDAwMDAsInJlYWQiOjMwMDAwMDAwMDAwMCwidXBkYXRlIjoxODAwMDAwMDAwMDAwfSwic2NoZW1hX3ZlcnNpb24iOiIzIn0=",
          "dependencies": [
            "azurerm_resource_group.martapp_rg"
          ]
        }
      ]
    },
    {
      "mode": "managed",
      "type": "azurerm_resource_group",
      "name": "martapp_rg",
      "provider": "provider[\"registry.terraform.io/hashicorp/azurerm\"]",
      "instances": [
        {
          "schema_version": 0,
          "attributes": {
            "id": "/subscriptions/8947778a-f219-4a3f-b16f-7275c08a91ca/resourceGroups/martapp-resource-group",
            "location": "eastus",
            "managed_by": "",
            "name": "martapp-resource-group",
            "tags": {},
            "timeouts": null
          },
          "sensitive_attributes": [],
          "private": "eyJlMmJmYjczMC1lY2FhLTExZTYtOGY4OC0zNDM2M2JjN2M0YzAiOnsiY3JlYXRlIjo1NDAwMDAwMDAwMDAwLCJkZWxldGUiOjU0MDAwMDAwMDAwMDAsInJlYWQiOjMwMDAwMDAwMDAwMCwidXBkYXRlIjo1NDAwMDAwMDAwMDAwfX0="
        }
      ]
    }
  ],
  "check_results": null
}
