{
  "version": 4,
  "terraform_version": "1.9.3",
  "serial": 709,
  "lineage": "5064ab89-b973-c733-8b92-a5b47855270c",
  "outputs": {
    "eventhub_primary_connection_string": {
      "value": "Endpoint=sb://kafkanamespace.servicebus.windows.net/;SharedAccessKeyName=kafka-authorization-rule;SharedAccessKey=NUUcpzI1IdZEV2dh72THpw6b8lA8PU3jF+AEhCN+tMs=;EntityPath=kafka-eventhub",
      "type": "string",
      "sensitive": true
    },
    "eventhub_primary_key": {
      "value": "NUUcpzI1IdZEV2dh72THpw6b8lA8PU3jF+AEhCN+tMs=",
      "type": "string",
      "sensitive": true
    },
    "eventhub_secondary_connection_string": {
      "value": "Endpoint=sb://kafkanamespace.servicebus.windows.net/;SharedAccessKeyName=kafka-authorization-rule;SharedAccessKey=A/66Pu96KNVxiLh2ps6h8ue9dlWBOhhz0+AEhF0Jd7A=;EntityPath=kafka-eventhub",
      "type": "string",
      "sensitive": true
    },
    "eventhub_secondary_key": {
      "value": "A/66Pu96KNVxiLh2ps6h8ue9dlWBOhhz0+AEhF0Jd7A=",
      "type": "string",
      "sensitive": true
    },
    "inventory_service_container_app_url": {
      "value": "inventory-service-app--1l6a1ss.livelybay-83002cf7.eastus.azurecontainerapps.io",
      "type": "string"
    },
    "kafka_ui_container_app_url": {
      "value": "kafka-ui-app--2qlmb17.livelybay-83002cf7.eastus.azurecontainerapps.io",
      "type": "string"
    },
    "notification_service_container_app_url": {
      "value": "notification-service-app--2nn76un.livelybay-83002cf7.eastus.azurecontainerapps.io",
      "type": "string"
    },
    "user_db_connection_string": {
      "value": "postgresql://postgres:password@user-db-app--ub9xher.internal.livelybay-83002cf7.eastus.azurecontainerapps.io:5432/users",
      "type": "string"
    }
  },
  "resources": [
    {
      "mode": "managed",
      "type": "azurerm_container_app",
      "name": "inventory_db",
      "provider": "provider[\"registry.terraform.io/hashicorp/azurerm\"]",
      "instances": [
        {
          "schema_version": 0,
          "attributes": {
            "container_app_environment_id": "/subscriptions/8947778a-f219-4a3f-b16f-7275c08a91ca/resourceGroups/martapp-resource-group/providers/Microsoft.App/managedEnvironments/example-environment",
            "custom_domain_verification_id": "E03CF375B065A5457E6B1235F3C343AB351A33596A0AED1CF644DEA798D20ED3",
            "dapr": [],
            "id": "/subscriptions/8947778a-f219-4a3f-b16f-7275c08a91ca/resourceGroups/martapp-resource-group/providers/Microsoft.App/containerApps/inventory-db-app",
            "identity": [],
            "ingress": [
              {
                "allow_insecure_connections": true,
                "custom_domain": [],
                "exposed_port": 0,
                "external_enabled": true,
                "fqdn": "inventory-db-app.livelybay-83002cf7.eastus.azurecontainerapps.io",
                "ip_security_restriction": [],
                "target_port": 5432,
                "traffic_weight": [
                  {
                    "label": "",
                    "latest_revision": true,
                    "percentage": 100,
                    "revision_suffix": ""
                  }
                ],
                "transport": "auto"
              }
            ],
            "latest_revision_fqdn": "inventory-db-app--x5jtuvt.livelybay-83002cf7.eastus.azurecontainerapps.io",
            "latest_revision_name": "inventory-db-app--x5jtuvt",
            "location": "eastus",
            "name": "inventory-db-app",
            "outbound_ip_addresses": [
              "4.255.69.148"
            ],
            "registry": [],
            "resource_group_name": "martapp-resource-group",
            "revision_mode": "Single",
            "secret": [],
            "tags": {
              "environment": "production"
            },
            "template": [
              {
                "azure_queue_scale_rule": [],
                "container": [
                  {
                    "args": [],
                    "command": [],
                    "cpu": 0.5,
                    "env": [
                      {
                        "name": "POSTGRES_USER",
                        "secret_name": "",
                        "value": "postgres"
                      },
                      {
                        "name": "POSTGRES_PASSWORD",
                        "secret_name": "",
                        "value": "password"
                      },
                      {
                        "name": "POSTGRES_DB",
                        "secret_name": "",
                        "value": "inventory"
                      }
                    ],
                    "ephemeral_storage": "2Gi",
                    "image": "postgres:13",
                    "liveness_probe": [],
                    "memory": "1Gi",
                    "name": "inventory-db",
                    "readiness_probe": [],
                    "startup_probe": [],
                    "volume_mounts": []
                  }
                ],
                "custom_scale_rule": [],
                "http_scale_rule": [],
                "init_container": [],
                "max_replicas": 10,
                "min_replicas": 0,
                "revision_suffix": "",
                "tcp_scale_rule": [],
                "volume": []
              }
            ],
            "timeouts": null,
            "workload_profile_name": ""
          },
          "sensitive_attributes": [
            [
              {
                "type": "get_attr",
                "value": "custom_domain_verification_id"
              }
            ]
          ],
          "private": "eyJlMmJmYjczMC1lY2FhLTExZTYtOGY4OC0zNDM2M2JjN2M0YzAiOnsiY3JlYXRlIjoxODAwMDAwMDAwMDAwLCJkZWxldGUiOjE4MDAwMDAwMDAwMDAsInJlYWQiOjMwMDAwMDAwMDAwMCwidXBkYXRlIjoxODAwMDAwMDAwMDAwfX0=",
          "dependencies": [
            "azurerm_container_app_environment.example",
            "azurerm_log_analytics_workspace.example",
            "azurerm_resource_group.martapp_rg"
          ]
        }
      ]
    },
    {
      "mode": "managed",
      "type": "azurerm_container_app",
      "name": "inventory_service",
      "provider": "provider[\"registry.terraform.io/hashicorp/azurerm\"]",
      "instances": [
        {
          "schema_version": 0,
          "attributes": {
            "container_app_environment_id": "/subscriptions/8947778a-f219-4a3f-b16f-7275c08a91ca/resourceGroups/martapp-resource-group/providers/Microsoft.App/managedEnvironments/example-environment",
            "custom_domain_verification_id": "E03CF375B065A5457E6B1235F3C343AB351A33596A0AED1CF644DEA798D20ED3",
            "dapr": [
              {
                "app_id": "inventory-service",
                "app_port": 0,
                "app_protocol": "http"
              }
            ],
            "id": "/subscriptions/8947778a-f219-4a3f-b16f-7275c08a91ca/resourceGroups/martapp-resource-group/providers/Microsoft.App/containerApps/inventory-service-app",
            "identity": [],
            "ingress": [
              {
                "allow_insecure_connections": false,
                "custom_domain": [],
                "exposed_port": 0,
                "external_enabled": true,
                "fqdn": "inventory-service-app.livelybay-83002cf7.eastus.azurecontainerapps.io",
                "ip_security_restriction": [],
                "target_port": 8000,
                "traffic_weight": [
                  {
                    "label": "",
                    "latest_revision": true,
                    "percentage": 100,
                    "revision_suffix": ""
                  }
                ],
                "transport": "auto"
              }
            ],
            "latest_revision_fqdn": "inventory-service-app--1l6a1ss.livelybay-83002cf7.eastus.azurecontainerapps.io",
            "latest_revision_name": "inventory-service-app--1l6a1ss",
            "location": "eastus",
            "name": "inventory-service-app",
            "outbound_ip_addresses": [
              "4.255.69.148"
            ],
            "registry": [],
            "resource_group_name": "martapp-resource-group",
            "revision_mode": "Single",
            "secret": [],
            "tags": {
              "environment": "production"
            },
            "template": [
              {
                "azure_queue_scale_rule": [],
                "container": [
                  {
                    "args": [],
                    "command": [],
                    "cpu": 0.25,
                    "env": [
                      {
                        "name": "KAFKA_PROPERTIES_SECURITY_PROTOCOL",
                        "secret_name": "",
                        "value": "SASL_SSL"
                      },
                      {
                        "name": "KAFKA_PROPERTIES_SASL_MECHANISM",
                        "secret_name": "",
                        "value": "PLAIN"
                      },
                      {
                        "name": "POSTGRES_USER",
                        "secret_name": "",
                        "value": "pgadmin@martapp-postgresql-server"
                      },
                      {
                        "name": "POSTGRES_PASSWORD",
                        "secret_name": "",
                        "value": "myPass1234567"
                      },
                      {
                        "name": "POSTGRES_DB",
                        "secret_name": "",
                        "value": "inventory"
                      }
                    ],
                    "ephemeral_storage": "1Gi",
                    "image": "hamzahrpc/inventory-service:latest",
                    "liveness_probe": [],
                    "memory": "0.5Gi",
                    "name": "inventory-service",
                    "readiness_probe": [],
                    "startup_probe": [],
                    "volume_mounts": []
                  }
                ],
                "custom_scale_rule": [],
                "http_scale_rule": [],
                "init_container": [],
                "max_replicas": 1,
                "min_replicas": 0,
                "revision_suffix": "",
                "tcp_scale_rule": [],
                "volume": []
              }
            ],
            "timeouts": null,
            "workload_profile_name": ""
          },
          "sensitive_attributes": [
            [
              {
                "type": "get_attr",
                "value": "custom_domain_verification_id"
              }
            ]
          ],
          "private": "eyJlMmJmYjczMC1lY2FhLTExZTYtOGY4OC0zNDM2M2JjN2M0YzAiOnsiY3JlYXRlIjoxODAwMDAwMDAwMDAwLCJkZWxldGUiOjE4MDAwMDAwMDAwMDAsInJlYWQiOjMwMDAwMDAwMDAwMCwidXBkYXRlIjoxODAwMDAwMDAwMDAwfX0=",
          "dependencies": [
            "azurerm_container_app_environment.example",
            "azurerm_log_analytics_workspace.example",
            "azurerm_resource_group.martapp_rg"
          ]
        }
      ]
    },
    {
      "mode": "managed",
      "type": "azurerm_container_app",
      "name": "kafka_ui",
      "provider": "provider[\"registry.terraform.io/hashicorp/azurerm\"]",
      "instances": [
        {
          "schema_version": 0,
          "attributes": {
            "container_app_environment_id": "/subscriptions/8947778a-f219-4a3f-b16f-7275c08a91ca/resourceGroups/martapp-resource-group/providers/Microsoft.App/managedEnvironments/example-environment",
            "custom_domain_verification_id": "E03CF375B065A5457E6B1235F3C343AB351A33596A0AED1CF644DEA798D20ED3",
            "dapr": [],
            "id": "/subscriptions/8947778a-f219-4a3f-b16f-7275c08a91ca/resourceGroups/martapp-resource-group/providers/Microsoft.App/containerApps/kafka-ui-app",
            "identity": [],
            "ingress": [
              {
                "allow_insecure_connections": false,
                "custom_domain": [],
                "exposed_port": 0,
                "external_enabled": true,
                "fqdn": "kafka-ui-app.livelybay-83002cf7.eastus.azurecontainerapps.io",
                "ip_security_restriction": [],
                "target_port": 8080,
                "traffic_weight": [
                  {
                    "label": "",
                    "latest_revision": true,
                    "percentage": 100,
                    "revision_suffix": ""
                  }
                ],
                "transport": "auto"
              }
            ],
            "latest_revision_fqdn": "kafka-ui-app--jdkxwl9.livelybay-83002cf7.eastus.azurecontainerapps.io",
            "latest_revision_name": "kafka-ui-app--jdkxwl9",
            "location": "eastus",
            "name": "kafka-ui-app",
            "outbound_ip_addresses": [
              "4.255.69.148"
            ],
            "registry": [],
            "resource_group_name": "martapp-resource-group",
            "revision_mode": "Single",
            "secret": [],
            "tags": {
              "environment": "production"
            },
            "template": [
              {
                "azure_queue_scale_rule": [],
                "container": [
                  {
                    "args": [],
                    "command": [],
                    "cpu": 0.25,
                    "env": [
                      {
                        "name": "KAFKA_CLUSTERS_0_NAME",
                        "secret_name": "",
                        "value": "azure-eventhub"
                      },
                      {
                        "name": "KAFKA_CLUSTERS_0_BOOTSTRAPSERVERS",
                        "secret_name": "",
                        "value": "kafkanamespace.servicebus.windows.net:9093"
                      },
                      {
                        "name": "KAFKA_CLUSTERS_0_PROPERTIES_SECURITY_PROTOCOL",
                        "secret_name": "",
                        "value": "SASL_SSL"
                      },
                      {
                        "name": "KAFKA_CLUSTERS_0_PROPERTIES_SASL_MECHANISM",
                        "secret_name": "",
                        "value": "PLAIN"
                      },
                      {
                        "name": "KAFKA_CLUSTERS_0_PROPERTIES_SASL_JAAS_CONFIG",
                        "secret_name": "",
                        "value": "org.apache.kafka.common.security.plain.PlainLoginModule required username='$$ConnectionString' password='Endpoint=sb://kafkanamespace.servicebus.windows.net/;SharedAccessKeyName=RootManageSharedAccessKey;SharedAccessKey=Oojzo0RhtbwI+USwuVZnwrlTqnRZ07KTr+AEhAb3Lok=';"
                      },
                      {
                        "name": "KAFKA_CLUSTERS_0_PROPERTIES_SASL_USERNAME",
                        "secret_name": "",
                        "value": "$$ConnectionString"
                      },
                      {
                        "name": "KAFKA_CLUSTERS_0_PROPERTIES_SASL_PASSWORD",
                        "secret_name": "",
                        "value": "Endpoint=sb://kafkanamespace.servicebus.windows.net/;SharedAccessKeyName=RootManageSharedAccessKey;SharedAccessKey=Oojzo0RhtbwI+USwuVZnwrlTqnRZ07KTr+AEhAb3Lok="
                      },
                      {
                        "name": "TEST_PASSWORD",
                        "secret_name": "",
                        "value": "NUUcpzI1IdZEV2dh72THpw6b8lA8PU3jF+AEhCN+tMs="
                      },
                      {
                        "name": "TEST_PASSWORD2",
                        "secret_name": "",
                        "value": "Endpoint=sb://kafkanamespace.servicebus.windows.net/;SharedAccessKeyName=kafka-authorization-rule;SharedAccessKey=A/66Pu96KNVxiLh2ps6h8ue9dlWBOhhz0+AEhF0Jd7A=;EntityPath=kafka-eventhub"
                      },
                      {
                        "name": "TEST_PASSWORD3",
                        "secret_name": "",
                        "value": "A/66Pu96KNVxiLh2ps6h8ue9dlWBOhhz0+AEhF0Jd7A="
                      }
                    ],
                    "ephemeral_storage": "1Gi",
                    "image": "provectuslabs/kafka-ui:latest",
                    "liveness_probe": [],
                    "memory": "0.5Gi",
                    "name": "kafka-ui",
                    "readiness_probe": [],
                    "startup_probe": [],
                    "volume_mounts": []
                  }
                ],
                "custom_scale_rule": [],
                "http_scale_rule": [],
                "init_container": [],
                "max_replicas": 1,
                "min_replicas": 1,
                "revision_suffix": "",
                "tcp_scale_rule": [],
                "volume": []
              }
            ],
            "timeouts": null,
            "workload_profile_name": ""
          },
          "sensitive_attributes": [
            [
              {
                "type": "get_attr",
                "value": "custom_domain_verification_id"
              }
            ],
            [
              {
                "type": "get_attr",
                "value": "template"
              },
              {
                "type": "index",
                "value": {
                  "value": 0,
                  "type": "number"
                }
              },
              {
                "type": "get_attr",
                "value": "container"
              },
              {
                "type": "index",
                "value": {
                  "value": 0,
                  "type": "number"
                }
              },
              {
                "type": "get_attr",
                "value": "env"
              },
              {
                "type": "index",
                "value": {
                  "value": 7,
                  "type": "number"
                }
              },
              {
                "type": "get_attr",
                "value": "value"
              }
            ],
            [
              {
                "type": "get_attr",
                "value": "template"
              },
              {
                "type": "index",
                "value": {
                  "value": 0,
                  "type": "number"
                }
              },
              {
                "type": "get_attr",
                "value": "container"
              },
              {
                "type": "index",
                "value": {
                  "value": 0,
                  "type": "number"
                }
              },
              {
                "type": "get_attr",
                "value": "env"
              },
              {
                "type": "index",
                "value": {
                  "value": 8,
                  "type": "number"
                }
              },
              {
                "type": "get_attr",
                "value": "value"
              }
            ],
            [
              {
                "type": "get_attr",
                "value": "template"
              },
              {
                "type": "index",
                "value": {
                  "value": 0,
                  "type": "number"
                }
              },
              {
                "type": "get_attr",
                "value": "container"
              },
              {
                "type": "index",
                "value": {
                  "value": 0,
                  "type": "number"
                }
              },
              {
                "type": "get_attr",
                "value": "env"
              },
              {
                "type": "index",
                "value": {
                  "value": 9,
                  "type": "number"
                }
              },
              {
                "type": "get_attr",
                "value": "value"
              }
            ]
          ],
          "private": "eyJlMmJmYjczMC1lY2FhLTExZTYtOGY4OC0zNDM2M2JjN2M0YzAiOnsiY3JlYXRlIjoxODAwMDAwMDAwMDAwLCJkZWxldGUiOjE4MDAwMDAwMDAwMDAsInJlYWQiOjMwMDAwMDAwMDAwMCwidXBkYXRlIjoxODAwMDAwMDAwMDAwfX0=",
          "dependencies": [
            "azurerm_container_app_environment.example",
            "azurerm_eventhub.kafka_eventhub",
            "azurerm_eventhub_authorization_rule.kafka_authorization_rule",
            "azurerm_eventhub_namespace.kafka_namespace",
            "azurerm_log_analytics_workspace.example",
            "azurerm_resource_group.martapp_rg"
          ]
        }
      ]
    },
    {
      "mode": "managed",
      "type": "azurerm_container_app",
      "name": "notification_service",
      "provider": "provider[\"registry.terraform.io/hashicorp/azurerm\"]",
      "instances": [
        {
          "schema_version": 0,
          "attributes": {
            "container_app_environment_id": "/subscriptions/8947778a-f219-4a3f-b16f-7275c08a91ca/resourceGroups/martapp-resource-group/providers/Microsoft.App/managedEnvironments/example-environment",
            "custom_domain_verification_id": "E03CF375B065A5457E6B1235F3C343AB351A33596A0AED1CF644DEA798D20ED3",
            "dapr": [
              {
                "app_id": "notification-service-dap",
                "app_port": 0,
                "app_protocol": "http"
              }
            ],
            "id": "/subscriptions/8947778a-f219-4a3f-b16f-7275c08a91ca/resourceGroups/martapp-resource-group/providers/Microsoft.App/containerApps/notification-service-app",
            "identity": [],
            "ingress": [
              {
                "allow_insecure_connections": false,
                "custom_domain": [],
                "exposed_port": 0,
                "external_enabled": true,
                "fqdn": "notification-service-app.livelybay-83002cf7.eastus.azurecontainerapps.io",
                "ip_security_restriction": [],
                "target_port": 8000,
                "traffic_weight": [
                  {
                    "label": "",
                    "latest_revision": true,
                    "percentage": 100,
                    "revision_suffix": ""
                  }
                ],
                "transport": "auto"
              }
            ],
            "latest_revision_fqdn": "notification-service-app--2nn76un.livelybay-83002cf7.eastus.azurecontainerapps.io",
            "latest_revision_name": "notification-service-app--2nn76un",
            "location": "eastus",
            "name": "notification-service-app",
            "outbound_ip_addresses": [
              "4.255.69.148"
            ],
            "registry": [],
            "resource_group_name": "martapp-resource-group",
            "revision_mode": "Single",
            "secret": [],
            "tags": {
              "environment": "production"
            },
            "template": [
              {
                "azure_queue_scale_rule": [],
                "container": [
                  {
                    "args": [],
                    "command": [],
                    "cpu": 0.25,
                    "env": [
                      {
                        "name": "KAFKA_BOOTSTRAP_SERVERS",
                        "secret_name": "",
                        "value": "kafkanamespace.servicebus.windows.net:9093"
                      },
                      {
                        "name": "KAFKA_SASL_USERNAME",
                        "secret_name": "",
                        "value": "$$ConnectionString"
                      },
                      {
                        "name": "KAFKA_SASL_PASSWORD",
                        "secret_name": "",
                        "value": "Endpoint=sb://kafkanamespace.servicebus.windows.net/;SharedAccessKeyName=RootManageSharedAccessKey;SharedAccessKey=Oojzo0RhtbwI+USwuVZnwrlTqnRZ07KTr+AEhAb3Lok="
                      }
                    ],
                    "ephemeral_storage": "1Gi",
                    "image": "hamzahrpc/notification-service:latest",
                    "liveness_probe": [],
                    "memory": "0.5Gi",
                    "name": "notification-service",
                    "readiness_probe": [],
                    "startup_probe": [],
                    "volume_mounts": []
                  }
                ],
                "custom_scale_rule": [],
                "http_scale_rule": [],
                "init_container": [],
                "max_replicas": 10,
                "min_replicas": 0,
                "revision_suffix": "",
                "tcp_scale_rule": [],
                "volume": []
              }
            ],
            "timeouts": null,
            "workload_profile_name": ""
          },
          "sensitive_attributes": [
            [
              {
                "type": "get_attr",
                "value": "custom_domain_verification_id"
              }
            ]
          ],
          "private": "eyJlMmJmYjczMC1lY2FhLTExZTYtOGY4OC0zNDM2M2JjN2M0YzAiOnsiY3JlYXRlIjoxODAwMDAwMDAwMDAwLCJkZWxldGUiOjE4MDAwMDAwMDAwMDAsInJlYWQiOjMwMDAwMDAwMDAwMCwidXBkYXRlIjoxODAwMDAwMDAwMDAwfX0=",
          "dependencies": [
            "azurerm_container_app_environment.example",
            "azurerm_eventhub.kafka_eventhub",
            "azurerm_eventhub_authorization_rule.kafka_authorization_rule",
            "azurerm_eventhub_namespace.kafka_namespace",
            "azurerm_log_analytics_workspace.example",
            "azurerm_resource_group.martapp_rg"
          ]
        }
      ]
    },
    {
      "mode": "managed",
      "type": "azurerm_container_app",
      "name": "user_db",
      "provider": "provider[\"registry.terraform.io/hashicorp/azurerm\"]",
      "instances": [
        {
          "schema_version": 0,
          "attributes": {
            "container_app_environment_id": "/subscriptions/8947778a-f219-4a3f-b16f-7275c08a91ca/resourceGroups/martapp-resource-group/providers/Microsoft.App/managedEnvironments/example-environment",
            "custom_domain_verification_id": "E03CF375B065A5457E6B1235F3C343AB351A33596A0AED1CF644DEA798D20ED3",
            "dapr": [],
            "id": "/subscriptions/8947778a-f219-4a3f-b16f-7275c08a91ca/resourceGroups/martapp-resource-group/providers/Microsoft.App/containerApps/user-db-app",
            "identity": [],
            "ingress": [
              {
                "allow_insecure_connections": false,
                "custom_domain": [],
                "exposed_port": 0,
                "external_enabled": false,
                "fqdn": "user-db-app.internal.livelybay-83002cf7.eastus.azurecontainerapps.io",
                "ip_security_restriction": [],
                "target_port": 5432,
                "traffic_weight": [
                  {
                    "label": "",
                    "latest_revision": true,
                    "percentage": 100,
                    "revision_suffix": ""
                  }
                ],
                "transport": "tcp"
              }
            ],
            "latest_revision_fqdn": "user-db-app--ub9xher.internal.livelybay-83002cf7.eastus.azurecontainerapps.io",
            "latest_revision_name": "user-db-app--ub9xher",
            "location": "eastus",
            "name": "user-db-app",
            "outbound_ip_addresses": [
              "4.255.69.148"
            ],
            "registry": [],
            "resource_group_name": "martapp-resource-group",
            "revision_mode": "Single",
            "secret": [],
            "tags": {
              "environment": "production"
            },
            "template": [
              {
                "azure_queue_scale_rule": [],
                "container": [
                  {
                    "args": [],
                    "command": [],
                    "cpu": 0.25,
                    "env": [
                      {
                        "name": "POSTGRES_USER",
                        "secret_name": "",
                        "value": "postgres"
                      },
                      {
                        "name": "POSTGRES_PASSWORD",
                        "secret_name": "",
                        "value": "password"
                      },
                      {
                        "name": "POSTGRES_DB",
                        "secret_name": "",
                        "value": "users"
                      }
                    ],
                    "ephemeral_storage": "1Gi",
                    "image": "postgres:13",
                    "liveness_probe": [],
                    "memory": "0.5Gi",
                    "name": "user-db",
                    "readiness_probe": [],
                    "startup_probe": [],
                    "volume_mounts": []
                  }
                ],
                "custom_scale_rule": [],
                "http_scale_rule": [],
                "init_container": [],
                "max_replicas": 10,
                "min_replicas": 0,
                "revision_suffix": "",
                "tcp_scale_rule": [],
                "volume": []
              }
            ],
            "timeouts": null,
            "workload_profile_name": ""
          },
          "sensitive_attributes": [
            [
              {
                "type": "get_attr",
                "value": "custom_domain_verification_id"
              }
            ]
          ],
          "private": "eyJlMmJmYjczMC1lY2FhLTExZTYtOGY4OC0zNDM2M2JjN2M0YzAiOnsiY3JlYXRlIjoxODAwMDAwMDAwMDAwLCJkZWxldGUiOjE4MDAwMDAwMDAwMDAsInJlYWQiOjMwMDAwMDAwMDAwMCwidXBkYXRlIjoxODAwMDAwMDAwMDAwfX0=",
          "dependencies": [
            "azurerm_container_app_environment.example",
            "azurerm_log_analytics_workspace.example",
            "azurerm_resource_group.martapp_rg"
          ]
        }
      ]
    },
    {
      "mode": "managed",
      "type": "azurerm_container_app",
      "name": "user_service",
      "provider": "provider[\"registry.terraform.io/hashicorp/azurerm\"]",
      "instances": [
        {
          "schema_version": 0,
          "attributes": {
            "container_app_environment_id": "/subscriptions/8947778a-f219-4a3f-b16f-7275c08a91ca/resourceGroups/martapp-resource-group/providers/Microsoft.App/managedEnvironments/example-environment",
            "custom_domain_verification_id": "E03CF375B065A5457E6B1235F3C343AB351A33596A0AED1CF644DEA798D20ED3",
            "dapr": [
              {
                "app_id": "user-service-dap",
                "app_port": 0,
                "app_protocol": "http"
              }
            ],
            "id": "/subscriptions/8947778a-f219-4a3f-b16f-7275c08a91ca/resourceGroups/martapp-resource-group/providers/Microsoft.App/containerApps/user-service-app",
            "identity": [],
            "ingress": [
              {
                "allow_insecure_connections": false,
                "custom_domain": [],
                "exposed_port": 0,
                "external_enabled": true,
                "fqdn": "user-service-app.livelybay-83002cf7.eastus.azurecontainerapps.io",
                "ip_security_restriction": [],
                "target_port": 8000,
                "traffic_weight": [
                  {
                    "label": "",
                    "latest_revision": true,
                    "percentage": 100,
                    "revision_suffix": ""
                  }
                ],
                "transport": "auto"
              }
            ],
            "latest_revision_fqdn": "user-service-app--r5qjhve.livelybay-83002cf7.eastus.azurecontainerapps.io",
            "latest_revision_name": "user-service-app--r5qjhve",
            "location": "eastus",
            "name": "user-service-app",
            "outbound_ip_addresses": [
              "4.255.69.148"
            ],
            "registry": [],
            "resource_group_name": "martapp-resource-group",
            "revision_mode": "Single",
            "secret": [],
            "tags": {
              "environment": "production"
            },
            "template": [
              {
                "azure_queue_scale_rule": [],
                "container": [
                  {
                    "args": [],
                    "command": [],
                    "cpu": 0.25,
                    "env": [
                      {
                        "name": "KAFKA_BOOTSTRAP_SERVERS",
                        "secret_name": "",
                        "value": "kafkanamespace.servicebus.windows.net:9093"
                      },
                      {
                        "name": "KAFKA_SASL_USERNAME",
                        "secret_name": "",
                        "value": "$$ConnectionString"
                      },
                      {
                        "name": "KAFKA_SASL_PASSWORD",
                        "secret_name": "",
                        "value": "Endpoint=sb://kafkanamespace.servicebus.windows.net/;SharedAccessKeyName=RootManageSharedAccessKey;SharedAccessKey=Oojzo0RhtbwI+USwuVZnwrlTqnRZ07KTr+AEhAb3Lok="
                      },
                      {
                        "name": "POSTGRES_USER",
                        "secret_name": "",
                        "value": "pgadmin"
                      },
                      {
                        "name": "POSTGRES_HOST",
                        "secret_name": "",
                        "value": "martapp-postgresql-server.postgres.database.azure.com"
                      },
                      {
                        "name": "POSTGRES_PASSWORD",
                        "secret_name": "",
                        "value": "myPass1234567"
                      },
                      {
                        "name": "POSTGRES_DB",
                        "secret_name": "",
                        "value": "users"
                      }
                    ],
                    "ephemeral_storage": "1Gi",
                    "image": "hamzahrpc/user-service:latest",
                    "liveness_probe": [],
                    "memory": "0.5Gi",
                    "name": "user-service",
                    "readiness_probe": [],
                    "startup_probe": [],
                    "volume_mounts": []
                  }
                ],
                "custom_scale_rule": [],
                "http_scale_rule": [],
                "init_container": [],
                "max_replicas": 1,
                "min_replicas": 0,
                "revision_suffix": "",
                "tcp_scale_rule": [],
                "volume": []
              }
            ],
            "timeouts": null,
            "workload_profile_name": ""
          },
          "sensitive_attributes": [
            [
              {
                "type": "get_attr",
                "value": "custom_domain_verification_id"
              }
            ],
            [
              {
                "type": "get_attr",
                "value": "template"
              },
              {
                "type": "index",
                "value": {
                  "value": 0,
                  "type": "number"
                }
              },
              {
                "type": "get_attr",
                "value": "container"
              },
              {
                "type": "index",
                "value": {
                  "value": 0,
                  "type": "number"
                }
              },
              {
                "type": "get_attr",
                "value": "env"
              },
              {
                "type": "index",
                "value": {
                  "value": 5,
                  "type": "number"
                }
              },
              {
                "type": "get_attr",
                "value": "value"
              }
            ]
          ],
          "private": "eyJlMmJmYjczMC1lY2FhLTExZTYtOGY4OC0zNDM2M2JjN2M0YzAiOnsiY3JlYXRlIjoxODAwMDAwMDAwMDAwLCJkZWxldGUiOjE4MDAwMDAwMDAwMDAsInJlYWQiOjMwMDAwMDAwMDAwMCwidXBkYXRlIjoxODAwMDAwMDAwMDAwfX0=",
          "dependencies": [
            "azurerm_container_app_environment.example",
            "azurerm_eventhub.kafka_eventhub",
            "azurerm_eventhub_authorization_rule.kafka_authorization_rule",
            "azurerm_eventhub_namespace.kafka_namespace",
            "azurerm_log_analytics_workspace.example",
            "azurerm_postgresql_flexible_server.postgresql",
            "azurerm_resource_group.martapp_rg"
          ]
        }
      ]
    },
    {
      "mode": "managed",
      "type": "azurerm_container_app_environment",
      "name": "example",
      "provider": "provider[\"registry.terraform.io/hashicorp/azurerm\"]",
      "instances": [
        {
          "schema_version": 0,
          "attributes": {
            "custom_domain_verification_id": "E03CF375B065A5457E6B1235F3C343AB351A33596A0AED1CF644DEA798D20ED3",
            "dapr_application_insights_connection_string": "",
            "default_domain": "livelybay-83002cf7.eastus.azurecontainerapps.io",
            "docker_bridge_cidr": "",
            "id": "/subscriptions/8947778a-f219-4a3f-b16f-7275c08a91ca/resourceGroups/martapp-resource-group/providers/Microsoft.App/managedEnvironments/example-environment",
            "infrastructure_resource_group_name": "",
            "infrastructure_subnet_id": "",
            "internal_load_balancer_enabled": false,
            "location": "eastus",
            "log_analytics_workspace_id": "/subscriptions/8947778a-f219-4a3f-b16f-7275c08a91ca/resourceGroups/martapp-resource-group/providers/Microsoft.OperationalInsights/workspaces/example-workspace",
            "mutual_tls_enabled": false,
            "name": "example-environment",
            "platform_reserved_cidr": "",
            "platform_reserved_dns_ip_address": "",
            "resource_group_name": "martapp-resource-group",
            "static_ip_address": "4.255.71.38",
            "tags": {},
            "timeouts": null,
            "workload_profile": [],
            "zone_redundancy_enabled": false
          },
          "sensitive_attributes": [
            [
              {
                "type": "get_attr",
                "value": "dapr_application_insights_connection_string"
              }
            ]
          ],
          "private": "eyJlMmJmYjczMC1lY2FhLTExZTYtOGY4OC0zNDM2M2JjN2M0YzAiOnsiY3JlYXRlIjoxODAwMDAwMDAwMDAwLCJkZWxldGUiOjE4MDAwMDAwMDAwMDAsInJlYWQiOjMwMDAwMDAwMDAwMCwidXBkYXRlIjoxODAwMDAwMDAwMDAwfX0=",
          "dependencies": [
            "azurerm_log_analytics_workspace.example",
            "azurerm_resource_group.martapp_rg"
          ]
        }
      ]
    },
    {
      "mode": "managed",
      "type": "azurerm_container_app_environment_dapr_component",
      "name": "eventhub_component",
      "provider": "provider[\"registry.terraform.io/hashicorp/azurerm\"]",
      "instances": [
        {
          "schema_version": 0,
          "attributes": {
            "component_type": "pubsub.azure.eventhubs",
            "container_app_environment_id": "/subscriptions/8947778a-f219-4a3f-b16f-7275c08a91ca/resourceGroups/martapp-resource-group/providers/Microsoft.App/managedEnvironments/example-environment",
            "id": "/subscriptions/8947778a-f219-4a3f-b16f-7275c08a91ca/resourceGroups/martapp-resource-group/providers/Microsoft.App/managedEnvironments/example-environment/daprComponents/eventhub-component",
            "ignore_errors": false,
            "init_timeout": "5s",
            "metadata": [
              {
                "name": "ConnectionString",
                "secret_name": "",
                "value": "Endpoint=sb://kafkanamespace.servicebus.windows.net/;SharedAccessKeyName=kafka-authorization-rule;SharedAccessKey=NUUcpzI1IdZEV2dh72THpw6b8lA8PU3jF+AEhCN+tMs=;EntityPath=kafka-eventhub"
              },
              {
                "name": "eventHubName",
                "secret_name": "",
                "value": "kafka-eventhub"
              },
              {
                "name": "consumerGroup",
                "secret_name": "",
                "value": "$Default"
              }
            ],
            "name": "eventhub-component",
            "scopes": [
              "inventory-service",
              "notification-service",
              "user-service-dap"
            ],
            "secret": [],
            "timeouts": null,
            "version": "v1"
          },
          "sensitive_attributes": [
            [
              {
                "type": "get_attr",
                "value": "metadata"
              },
              {
                "type": "index",
                "value": {
                  "value": 0,
                  "type": "number"
                }
              },
              {
                "type": "get_attr",
                "value": "value"
              }
            ]
          ],
          "private": "eyJlMmJmYjczMC1lY2FhLTExZTYtOGY4OC0zNDM2M2JjN2M0YzAiOnsiY3JlYXRlIjoxODAwMDAwMDAwMDAwLCJkZWxldGUiOjE4MDAwMDAwMDAwMDAsInJlYWQiOjMwMDAwMDAwMDAwMCwidXBkYXRlIjoxODAwMDAwMDAwMDAwfX0=",
          "dependencies": [
            "azurerm_container_app_environment.example",
            "azurerm_eventhub.kafka_eventhub",
            "azurerm_eventhub_authorization_rule.kafka_authorization_rule",
            "azurerm_eventhub_namespace.kafka_namespace",
            "azurerm_log_analytics_workspace.example",
            "azurerm_resource_group.martapp_rg"
          ]
        }
      ]
    },
    {
      "mode": "managed",
      "type": "azurerm_container_app_environment_storage",
      "name": "user_db_env_storage",
      "provider": "provider[\"registry.terraform.io/hashicorp/azurerm\"]",
      "instances": [
        {
          "schema_version": 0,
          "attributes": {
            "access_key": "rVRyAa6RsTy9goPpxCu8q4rrCfRDVpWHGDSG02YPfA4rBh6IYpEqjqHAUYboR2gsS/87UV2TqX2Q+AStT1MeCw==",
            "access_mode": "ReadWrite",
            "account_name": "userdbstorageacct",
            "container_app_environment_id": "/subscriptions/8947778a-f219-4a3f-b16f-7275c08a91ca/resourceGroups/martapp-resource-group/providers/Microsoft.App/managedEnvironments/example-environment",
            "id": "/subscriptions/8947778a-f219-4a3f-b16f-7275c08a91ca/resourceGroups/martapp-resource-group/providers/Microsoft.App/managedEnvironments/example-environment/storages/mycontainerappstorage",
            "name": "mycontainerappstorage",
            "share_name": "postgresdatashare",
            "timeouts": null
          },
          "sensitive_attributes": [
            [
              {
                "type": "get_attr",
                "value": "access_key"
              }
            ]
          ],
          "private": "eyJlMmJmYjczMC1lY2FhLTExZTYtOGY4OC0zNDM2M2JjN2M0YzAiOnsiY3JlYXRlIjoxODAwMDAwMDAwMDAwLCJkZWxldGUiOjE4MDAwMDAwMDAwMDAsInJlYWQiOjMwMDAwMDAwMDAwMCwidXBkYXRlIjoxODAwMDAwMDAwMDAwfX0=",
          "dependencies": [
            "azurerm_container_app_environment.example",
            "azurerm_log_analytics_workspace.example",
            "azurerm_resource_group.martapp_rg",
            "azurerm_storage_account.user_db_storage",
            "azurerm_storage_share.userdbshare"
          ]
        }
      ]
    },
    {
      "mode": "managed",
      "type": "azurerm_eventhub",
      "name": "kafka_eventhub",
      "provider": "provider[\"registry.terraform.io/hashicorp/azurerm\"]",
      "instances": [
        {
          "schema_version": 0,
          "attributes": {
            "capture_description": [],
            "id": "/subscriptions/8947778a-f219-4a3f-b16f-7275c08a91ca/resourceGroups/martapp-resource-group/providers/Microsoft.EventHub/namespaces/kafkanamespace/eventhubs/kafka-eventhub",
            "message_retention": 1,
            "name": "kafka-eventhub",
            "namespace_name": "kafkanamespace",
            "partition_count": 1,
            "partition_ids": [
              "0"
            ],
            "resource_group_name": "martapp-resource-group",
            "status": "Active",
            "timeouts": null
          },
          "sensitive_attributes": [],
          "private": "eyJlMmJmYjczMC1lY2FhLTExZTYtOGY4OC0zNDM2M2JjN2M0YzAiOnsiY3JlYXRlIjoxODAwMDAwMDAwMDAwLCJkZWxldGUiOjE4MDAwMDAwMDAwMDAsInJlYWQiOjMwMDAwMDAwMDAwMCwidXBkYXRlIjoxODAwMDAwMDAwMDAwfX0=",
          "dependencies": [
            "azurerm_eventhub_namespace.kafka_namespace",
            "azurerm_resource_group.martapp_rg"
          ]
        }
      ]
    },
    {
      "mode": "managed",
      "type": "azurerm_eventhub_authorization_rule",
      "name": "kafka_authorization_rule",
      "provider": "provider[\"registry.terraform.io/hashicorp/azurerm\"]",
      "instances": [
        {
          "schema_version": 1,
          "attributes": {
            "eventhub_name": "kafka-eventhub",
            "id": "/subscriptions/8947778a-f219-4a3f-b16f-7275c08a91ca/resourceGroups/martapp-resource-group/providers/Microsoft.EventHub/namespaces/kafkanamespace/eventhubs/kafka-eventhub/authorizationRules/kafka-authorization-rule",
            "listen": true,
            "manage": true,
            "name": "kafka-authorization-rule",
            "namespace_name": "kafkanamespace",
            "primary_connection_string": "Endpoint=sb://kafkanamespace.servicebus.windows.net/;SharedAccessKeyName=kafka-authorization-rule;SharedAccessKey=NUUcpzI1IdZEV2dh72THpw6b8lA8PU3jF+AEhCN+tMs=;EntityPath=kafka-eventhub",
            "primary_connection_string_alias": "",
            "primary_key": "NUUcpzI1IdZEV2dh72THpw6b8lA8PU3jF+AEhCN+tMs=",
            "resource_group_name": "martapp-resource-group",
            "secondary_connection_string": "Endpoint=sb://kafkanamespace.servicebus.windows.net/;SharedAccessKeyName=kafka-authorization-rule;SharedAccessKey=A/66Pu96KNVxiLh2ps6h8ue9dlWBOhhz0+AEhF0Jd7A=;EntityPath=kafka-eventhub",
            "secondary_connection_string_alias": "",
            "secondary_key": "A/66Pu96KNVxiLh2ps6h8ue9dlWBOhhz0+AEhF0Jd7A=",
            "send": true,
            "timeouts": null
          },
          "sensitive_attributes": [
            [
              {
                "type": "get_attr",
                "value": "primary_connection_string_alias"
              }
            ],
            [
              {
                "type": "get_attr",
                "value": "secondary_connection_string"
              }
            ],
            [
              {
                "type": "get_attr",
                "value": "primary_connection_string"
              }
            ],
            [
              {
                "type": "get_attr",
                "value": "primary_key"
              }
            ],
            [
              {
                "type": "get_attr",
                "value": "secondary_key"
              }
            ],
            [
              {
                "type": "get_attr",
                "value": "secondary_connection_string_alias"
              }
            ]
          ],
          "private": "eyJlMmJmYjczMC1lY2FhLTExZTYtOGY4OC0zNDM2M2JjN2M0YzAiOnsiY3JlYXRlIjoxODAwMDAwMDAwMDAwLCJkZWxldGUiOjE4MDAwMDAwMDAwMDAsInJlYWQiOjMwMDAwMDAwMDAwMCwidXBkYXRlIjoxODAwMDAwMDAwMDAwfSwic2NoZW1hX3ZlcnNpb24iOiIxIn0=",
          "dependencies": [
            "azurerm_eventhub.kafka_eventhub",
            "azurerm_eventhub_namespace.kafka_namespace",
            "azurerm_resource_group.martapp_rg"
          ]
        }
      ]
    },
    {
      "mode": "managed",
      "type": "azurerm_eventhub_namespace",
      "name": "kafka_namespace",
      "provider": "provider[\"registry.terraform.io/hashicorp/azurerm\"]",
      "instances": [
        {
          "schema_version": 0,
          "attributes": {
            "auto_inflate_enabled": false,
            "capacity": 1,
            "dedicated_cluster_id": "",
            "default_primary_connection_string": "Endpoint=sb://kafkanamespace.servicebus.windows.net/;SharedAccessKeyName=RootManageSharedAccessKey;SharedAccessKey=Oojzo0RhtbwI+USwuVZnwrlTqnRZ07KTr+AEhAb3Lok=",
            "default_primary_connection_string_alias": "",
            "default_primary_key": "Oojzo0RhtbwI+USwuVZnwrlTqnRZ07KTr+AEhAb3Lok=",
            "default_secondary_connection_string": "Endpoint=sb://kafkanamespace.servicebus.windows.net/;SharedAccessKeyName=RootManageSharedAccessKey;SharedAccessKey=K4v+fGCy5yeYkjfTjSN8lnE2Vrwfc/xnv+AEhBusYBk=",
            "default_secondary_connection_string_alias": "",
            "default_secondary_key": "K4v+fGCy5yeYkjfTjSN8lnE2Vrwfc/xnv+AEhBusYBk=",
            "id": "/subscriptions/8947778a-f219-4a3f-b16f-7275c08a91ca/resourceGroups/martapp-resource-group/providers/Microsoft.EventHub/namespaces/kafkanamespace",
            "identity": [],
            "local_authentication_enabled": true,
            "location": "eastus",
            "maximum_throughput_units": 0,
            "minimum_tls_version": "1.2",
            "name": "kafkanamespace",
            "network_rulesets": [
              {
                "default_action": "Allow",
                "ip_rule": [],
                "public_network_access_enabled": true,
                "trusted_service_access_enabled": false,
                "virtual_network_rule": []
              }
            ],
            "public_network_access_enabled": true,
            "resource_group_name": "martapp-resource-group",
            "sku": "Standard",
            "tags": {},
            "timeouts": null,
            "zone_redundant": false
          },
          "sensitive_attributes": [
            [
              {
                "type": "get_attr",
                "value": "default_secondary_key"
              }
            ],
            [
              {
                "type": "get_attr",
                "value": "default_primary_connection_string_alias"
              }
            ],
            [
              {
                "type": "get_attr",
                "value": "default_secondary_connection_string_alias"
              }
            ],
            [
              {
                "type": "get_attr",
                "value": "default_primary_connection_string"
              }
            ],
            [
              {
                "type": "get_attr",
                "value": "default_secondary_connection_string"
              }
            ],
            [
              {
                "type": "get_attr",
                "value": "default_primary_key"
              }
            ]
          ],
          "private": "eyJlMmJmYjczMC1lY2FhLTExZTYtOGY4OC0zNDM2M2JjN2M0YzAiOnsiY3JlYXRlIjoxODAwMDAwMDAwMDAwLCJkZWxldGUiOjE4MDAwMDAwMDAwMDAsInJlYWQiOjMwMDAwMDAwMDAwMCwidXBkYXRlIjoxODAwMDAwMDAwMDAwfX0=",
          "dependencies": [
            "azurerm_resource_group.martapp_rg"
          ]
        }
      ]
    },
    {
      "mode": "managed",
      "type": "azurerm_log_analytics_workspace",
      "name": "example",
      "provider": "provider[\"registry.terraform.io/hashicorp/azurerm\"]",
      "instances": [
        {
          "schema_version": 3,
          "attributes": {
            "allow_resource_only_permissions": true,
            "cmk_for_query_forced": false,
            "daily_quota_gb": -1,
            "data_collection_rule_id": "",
            "id": "/subscriptions/8947778a-f219-4a3f-b16f-7275c08a91ca/resourceGroups/martapp-resource-group/providers/Microsoft.OperationalInsights/workspaces/example-workspace",
            "identity": [],
            "immediate_data_purge_on_30_days_enabled": false,
            "internet_ingestion_enabled": true,
            "internet_query_enabled": true,
            "local_authentication_disabled": false,
            "location": "eastus",
            "name": "example-workspace",
            "primary_shared_key": "evBMGkO4EcSiKTaNMX6FRf6N+4rcDG+LJODHZ0iZ2vr7LB0fmEWab2MnrFi9TNJZV3dpQZtUpxWRnsIDAHcrMQ==",
            "reservation_capacity_in_gb_per_day": null,
            "resource_group_name": "martapp-resource-group",
            "retention_in_days": 30,
            "secondary_shared_key": "EV858YrM0eRq87AL3wx0XeRpJJOhgqGdy6vtaXmKkIERpUS+U4L7+LG07Ugh3fPAJpZk8jx98JPszzEhIlnkqg==",
            "sku": "PerGB2018",
            "tags": {},
            "timeouts": null,
            "workspace_id": "0c439bad-76ab-4ab8-8880-1c0ab482e33a"
          },
          "sensitive_attributes": [
            [
              {
                "type": "get_attr",
                "value": "secondary_shared_key"
              }
            ],
            [
              {
                "type": "get_attr",
                "value": "primary_shared_key"
              }
            ]
          ],
          "private": "eyJlMmJmYjczMC1lY2FhLTExZTYtOGY4OC0zNDM2M2JjN2M0YzAiOnsiY3JlYXRlIjoxODAwMDAwMDAwMDAwLCJkZWxldGUiOjE4MDAwMDAwMDAwMDAsInJlYWQiOjMwMDAwMDAwMDAwMCwidXBkYXRlIjoxODAwMDAwMDAwMDAwfSwic2NoZW1hX3ZlcnNpb24iOiIzIn0=",
          "dependencies": [
            "azurerm_resource_group.martapp_rg"
          ]
        }
      ]
    },
    {
      "mode": "managed",
      "type": "azurerm_postgresql_flexible_server",
      "name": "postgresql",
      "provider": "provider[\"registry.terraform.io/hashicorp/azurerm\"]",
      "instances": [
        {
          "schema_version": 0,
          "attributes": {
            "administrator_login": "pgadmin",
            "administrator_password": "myPass1234567",
            "authentication": [
              {
                "active_directory_auth_enabled": false,
                "password_auth_enabled": true,
                "tenant_id": ""
              }
            ],
            "auto_grow_enabled": false,
            "backup_retention_days": 7,
            "create_mode": null,
            "customer_managed_key": [],
            "delegated_subnet_id": "",
            "fqdn": "martapp-postgresql-server.postgres.database.azure.com",
            "geo_redundant_backup_enabled": false,
            "high_availability": [],
            "id": "/subscriptions/8947778a-f219-4a3f-b16f-7275c08a91ca/resourceGroups/martapp-resource-group/providers/Microsoft.DBforPostgreSQL/flexibleServers/martapp-postgresql-server",
            "identity": [],
            "location": "eastus",
            "maintenance_window": [],
            "name": "martapp-postgresql-server",
            "point_in_time_restore_time_in_utc": null,
            "private_dns_zone_id": "",
            "public_network_access_enabled": true,
            "replication_role": "",
            "resource_group_name": "martapp-resource-group",
            "sku_name": "B_Standard_B1ms",
            "source_server_id": null,
            "storage_mb": 32768,
            "storage_tier": "P4",
            "tags": {
              "environment": "production"
            },
            "timeouts": null,
            "version": "11",
            "zone": "3"
          },
          "sensitive_attributes": [
            [
              {
                "type": "get_attr",
                "value": "administrator_password"
              }
            ]
          ],
          "private": "eyJlMmJmYjczMC1lY2FhLTExZTYtOGY4OC0zNDM2M2JjN2M0YzAiOnsiY3JlYXRlIjozNjAwMDAwMDAwMDAwLCJkZWxldGUiOjM2MDAwMDAwMDAwMDAsInJlYWQiOjMwMDAwMDAwMDAwMCwidXBkYXRlIjozNjAwMDAwMDAwMDAwfX0=",
          "dependencies": [
            "azurerm_resource_group.martapp_rg"
          ]
        }
      ]
    },
    {
      "mode": "managed",
      "type": "azurerm_postgresql_flexible_server_database",
      "name": "inventory",
      "provider": "provider[\"registry.terraform.io/hashicorp/azurerm\"]",
      "instances": [
        {
          "schema_version": 0,
          "attributes": {
            "charset": "UTF8",
            "collation": "en_US.utf8",
            "id": "/subscriptions/8947778a-f219-4a3f-b16f-7275c08a91ca/resourceGroups/martapp-resource-group/providers/Microsoft.DBforPostgreSQL/flexibleServers/martapp-postgresql-server/databases/inventory",
            "name": "inventory",
            "server_id": "/subscriptions/8947778a-f219-4a3f-b16f-7275c08a91ca/resourceGroups/martapp-resource-group/providers/Microsoft.DBforPostgreSQL/flexibleServers/martapp-postgresql-server",
            "timeouts": null
          },
          "sensitive_attributes": [],
          "private": "eyJlMmJmYjczMC1lY2FhLTExZTYtOGY4OC0zNDM2M2JjN2M0YzAiOnsiY3JlYXRlIjoxODAwMDAwMDAwMDAwLCJkZWxldGUiOjE4MDAwMDAwMDAwMDAsInJlYWQiOjMwMDAwMDAwMDAwMH19",
          "dependencies": [
            "azurerm_postgresql_flexible_server.postgresql",
            "azurerm_resource_group.martapp_rg"
          ]
        }
      ]
    },
    {
      "mode": "managed",
      "type": "azurerm_postgresql_flexible_server_database",
      "name": "users",
      "provider": "provider[\"registry.terraform.io/hashicorp/azurerm\"]",
      "instances": [
        {
          "schema_version": 0,
          "attributes": {
            "charset": "UTF8",
            "collation": "en_US.utf8",
            "id": "/subscriptions/8947778a-f219-4a3f-b16f-7275c08a91ca/resourceGroups/martapp-resource-group/providers/Microsoft.DBforPostgreSQL/flexibleServers/martapp-postgresql-server/databases/users",
            "name": "users",
            "server_id": "/subscriptions/8947778a-f219-4a3f-b16f-7275c08a91ca/resourceGroups/martapp-resource-group/providers/Microsoft.DBforPostgreSQL/flexibleServers/martapp-postgresql-server",
            "timeouts": null
          },
          "sensitive_attributes": [],
          "private": "eyJlMmJmYjczMC1lY2FhLTExZTYtOGY4OC0zNDM2M2JjN2M0YzAiOnsiY3JlYXRlIjoxODAwMDAwMDAwMDAwLCJkZWxldGUiOjE4MDAwMDAwMDAwMDAsInJlYWQiOjMwMDAwMDAwMDAwMH19",
          "dependencies": [
            "azurerm_postgresql_flexible_server.postgresql",
            "azurerm_resource_group.martapp_rg"
          ]
        }
      ]
    },
    {
      "mode": "managed",
      "type": "azurerm_postgresql_flexible_server_firewall_rule",
      "name": "allow_all_ips",
      "provider": "provider[\"registry.terraform.io/hashicorp/azurerm\"]",
      "instances": [
        {
          "schema_version": 0,
          "attributes": {
            "end_ip_address": "255.255.255.255",
            "id": "/subscriptions/8947778a-f219-4a3f-b16f-7275c08a91ca/resourceGroups/martapp-resource-group/providers/Microsoft.DBforPostgreSQL/flexibleServers/martapp-postgresql-server/firewallRules/allow_all_ips",
            "name": "allow_all_ips",
            "server_id": "/subscriptions/8947778a-f219-4a3f-b16f-7275c08a91ca/resourceGroups/martapp-resource-group/providers/Microsoft.DBforPostgreSQL/flexibleServers/martapp-postgresql-server",
            "start_ip_address": "0.0.0.0",
            "timeouts": null
          },
          "sensitive_attributes": [],
          "private": "eyJlMmJmYjczMC1lY2FhLTExZTYtOGY4OC0zNDM2M2JjN2M0YzAiOnsiY3JlYXRlIjoxODAwMDAwMDAwMDAwLCJkZWxldGUiOjE4MDAwMDAwMDAwMDAsInJlYWQiOjMwMDAwMDAwMDAwMCwidXBkYXRlIjoxODAwMDAwMDAwMDAwfX0=",
          "dependencies": [
            "azurerm_postgresql_flexible_server.postgresql",
            "azurerm_resource_group.martapp_rg"
          ]
        }
      ]
    },
    {
      "mode": "managed",
      "type": "azurerm_resource_group",
      "name": "martapp_rg",
      "provider": "provider[\"registry.terraform.io/hashicorp/azurerm\"]",
      "instances": [
        {
          "schema_version": 0,
          "attributes": {
            "id": "/subscriptions/8947778a-f219-4a3f-b16f-7275c08a91ca/resourceGroups/martapp-resource-group",
            "location": "eastus",
            "managed_by": "",
            "name": "martapp-resource-group",
            "tags": {},
            "timeouts": null
          },
          "sensitive_attributes": [],
          "private": "eyJlMmJmYjczMC1lY2FhLTExZTYtOGY4OC0zNDM2M2JjN2M0YzAiOnsiY3JlYXRlIjo1NDAwMDAwMDAwMDAwLCJkZWxldGUiOjU0MDAwMDAwMDAwMDAsInJlYWQiOjMwMDAwMDAwMDAwMCwidXBkYXRlIjo1NDAwMDAwMDAwMDAwfX0="
        }
      ]
    },
    {
      "mode": "managed",
      "type": "azurerm_storage_account",
      "name": "user_db_storage",
      "provider": "provider[\"registry.terraform.io/hashicorp/azurerm\"]",
      "instances": [
        {
          "schema_version": 4,
          "attributes": {
            "access_tier": "Hot",
            "account_kind": "StorageV2",
            "account_replication_type": "LRS",
            "account_tier": "Standard",
            "allow_nested_items_to_be_public": true,
            "allowed_copy_scope": "",
            "azure_files_authentication": [],
            "blob_properties": [
              {
                "change_feed_enabled": false,
                "change_feed_retention_in_days": 0,
                "container_delete_retention_policy": [],
                "cors_rule": [],
                "default_service_version": "",
                "delete_retention_policy": [],
                "last_access_time_enabled": false,
                "restore_policy": [],
                "versioning_enabled": false
              }
            ],
            "cross_tenant_replication_enabled": true,
            "custom_domain": [],
            "customer_managed_key": [],
            "default_to_oauth_authentication": false,
            "dns_endpoint_type": "Standard",
            "edge_zone": "",
            "enable_https_traffic_only": true,
            "id": "/subscriptions/8947778a-f219-4a3f-b16f-7275c08a91ca/resourceGroups/martapp-resource-group/providers/Microsoft.Storage/storageAccounts/userdbstorageacct",
            "identity": [],
            "immutability_policy": [],
            "infrastructure_encryption_enabled": false,
            "is_hns_enabled": false,
            "large_file_share_enabled": false,
            "local_user_enabled": true,
            "location": "eastus",
            "min_tls_version": "TLS1_2",
            "name": "userdbstorageacct",
            "network_rules": [],
            "nfsv3_enabled": false,
            "primary_access_key": "rVRyAa6RsTy9goPpxCu8q4rrCfRDVpWHGDSG02YPfA4rBh6IYpEqjqHAUYboR2gsS/87UV2TqX2Q+AStT1MeCw==",
            "primary_blob_connection_string": "DefaultEndpointsProtocol=https;BlobEndpoint=https://userdbstorageacct.blob.core.windows.net/;AccountName=userdbstorageacct;AccountKey=rVRyAa6RsTy9goPpxCu8q4rrCfRDVpWHGDSG02YPfA4rBh6IYpEqjqHAUYboR2gsS/87UV2TqX2Q+AStT1MeCw==",
            "primary_blob_endpoint": "https://userdbstorageacct.blob.core.windows.net/",
            "primary_blob_host": "userdbstorageacct.blob.core.windows.net",
            "primary_blob_internet_endpoint": "",
            "primary_blob_internet_host": "",
            "primary_blob_microsoft_endpoint": "",
            "primary_blob_microsoft_host": "",
            "primary_connection_string": "DefaultEndpointsProtocol=https;AccountName=userdbstorageacct;AccountKey=rVRyAa6RsTy9goPpxCu8q4rrCfRDVpWHGDSG02YPfA4rBh6IYpEqjqHAUYboR2gsS/87UV2TqX2Q+AStT1MeCw==;EndpointSuffix=core.windows.net",
            "primary_dfs_endpoint": "https://userdbstorageacct.dfs.core.windows.net/",
            "primary_dfs_host": "userdbstorageacct.dfs.core.windows.net",
            "primary_dfs_internet_endpoint": "",
            "primary_dfs_internet_host": "",
            "primary_dfs_microsoft_endpoint": "",
            "primary_dfs_microsoft_host": "",
            "primary_file_endpoint": "https://userdbstorageacct.file.core.windows.net/",
            "primary_file_host": "userdbstorageacct.file.core.windows.net",
            "primary_file_internet_endpoint": "",
            "primary_file_internet_host": "",
            "primary_file_microsoft_endpoint": "",
            "primary_file_microsoft_host": "",
            "primary_location": "eastus",
            "primary_queue_endpoint": "https://userdbstorageacct.queue.core.windows.net/",
            "primary_queue_host": "userdbstorageacct.queue.core.windows.net",
            "primary_queue_microsoft_endpoint": "",
            "primary_queue_microsoft_host": "",
            "primary_table_endpoint": "https://userdbstorageacct.table.core.windows.net/",
            "primary_table_host": "userdbstorageacct.table.core.windows.net",
            "primary_table_microsoft_endpoint": "",
            "primary_table_microsoft_host": "",
            "primary_web_endpoint": "https://userdbstorageacct.z13.web.core.windows.net/",
            "primary_web_host": "userdbstorageacct.z13.web.core.windows.net",
            "primary_web_internet_endpoint": "",
            "primary_web_internet_host": "",
            "primary_web_microsoft_endpoint": "",
            "primary_web_microsoft_host": "",
            "public_network_access_enabled": true,
            "queue_encryption_key_type": "Service",
            "queue_properties": [
              {
                "cors_rule": [],
                "hour_metrics": [
                  {
                    "enabled": true,
                    "include_apis": true,
                    "retention_policy_days": 7,
                    "version": "1.0"
                  }
                ],
                "logging": [
                  {
                    "delete": false,
                    "read": false,
                    "retention_policy_days": 0,
                    "version": "1.0",
                    "write": false
                  }
                ],
                "minute_metrics": [
                  {
                    "enabled": false,
                    "include_apis": false,
                    "retention_policy_days": 0,
                    "version": "1.0"
                  }
                ]
              }
            ],
            "resource_group_name": "martapp-resource-group",
            "routing": [],
            "sas_policy": [],
            "secondary_access_key": "n2mAjU9bHWqfb/ebhg+X2qJSEPWRbfyTXCS12bq7EtUcVrFAR8jmC/3DkzhlrqMTrvCZIwkA4/YC+AStohnhwA==",
            "secondary_blob_connection_string": "",
            "secondary_blob_endpoint": "",
            "secondary_blob_host": "",
            "secondary_blob_internet_endpoint": "",
            "secondary_blob_internet_host": "",
            "secondary_blob_microsoft_endpoint": "",
            "secondary_blob_microsoft_host": "",
            "secondary_connection_string": "DefaultEndpointsProtocol=https;AccountName=userdbstorageacct;AccountKey=n2mAjU9bHWqfb/ebhg+X2qJSEPWRbfyTXCS12bq7EtUcVrFAR8jmC/3DkzhlrqMTrvCZIwkA4/YC+AStohnhwA==;EndpointSuffix=core.windows.net",
            "secondary_dfs_endpoint": "",
            "secondary_dfs_host": "",
            "secondary_dfs_internet_endpoint": "",
            "secondary_dfs_internet_host": "",
            "secondary_dfs_microsoft_endpoint": "",
            "secondary_dfs_microsoft_host": "",
            "secondary_file_endpoint": "",
            "secondary_file_host": "",
            "secondary_file_internet_endpoint": "",
            "secondary_file_internet_host": "",
            "secondary_file_microsoft_endpoint": "",
            "secondary_file_microsoft_host": "",
            "secondary_location": "",
            "secondary_queue_endpoint": "",
            "secondary_queue_host": "",
            "secondary_queue_microsoft_endpoint": "",
            "secondary_queue_microsoft_host": "",
            "secondary_table_endpoint": "",
            "secondary_table_host": "",
            "secondary_table_microsoft_endpoint": "",
            "secondary_table_microsoft_host": "",
            "secondary_web_endpoint": "",
            "secondary_web_host": "",
            "secondary_web_internet_endpoint": "",
            "secondary_web_internet_host": "",
            "secondary_web_microsoft_endpoint": "",
            "secondary_web_microsoft_host": "",
            "sftp_enabled": false,
            "share_properties": [
              {
                "cors_rule": [],
                "retention_policy": [
                  {
                    "days": 7
                  }
                ],
                "smb": []
              }
            ],
            "shared_access_key_enabled": true,
            "static_website": [],
            "table_encryption_key_type": "Service",
            "tags": {
              "environment": "development"
            },
            "timeouts": null
          },
          "sensitive_attributes": [
            [
              {
                "type": "get_attr",
                "value": "primary_access_key"
              }
            ],
            [
              {
                "type": "get_attr",
                "value": "secondary_blob_connection_string"
              }
            ],
            [
              {
                "type": "get_attr",
                "value": "secondary_access_key"
              }
            ],
            [
              {
                "type": "get_attr",
                "value": "primary_blob_connection_string"
              }
            ],
            [
              {
                "type": "get_attr",
                "value": "primary_connection_string"
              }
            ],
            [
              {
                "type": "get_attr",
                "value": "secondary_connection_string"
              }
            ]
          ],
          "private": "eyJlMmJmYjczMC1lY2FhLTExZTYtOGY4OC0zNDM2M2JjN2M0YzAiOnsiY3JlYXRlIjozNjAwMDAwMDAwMDAwLCJkZWxldGUiOjM2MDAwMDAwMDAwMDAsInJlYWQiOjMwMDAwMDAwMDAwMCwidXBkYXRlIjozNjAwMDAwMDAwMDAwfSwic2NoZW1hX3ZlcnNpb24iOiI0In0=",
          "dependencies": [
            "azurerm_resource_group.martapp_rg"
          ]
        }
      ]
    },
    {
      "mode": "managed",
      "type": "azurerm_storage_share",
      "name": "userdbshare",
      "provider": "provider[\"registry.terraform.io/hashicorp/azurerm\"]",
      "instances": [
        {
          "schema_version": 2,
          "attributes": {
            "access_tier": "TransactionOptimized",
            "acl": [],
            "enabled_protocol": "SMB",
            "id": "https://userdbstorageacct.file.core.windows.net/postgresdatashare",
            "metadata": {},
            "name": "postgresdatashare",
            "quota": 5,
            "resource_manager_id": "/subscriptions/8947778a-f219-4a3f-b16f-7275c08a91ca/resourceGroups/martapp-resource-group/providers/Microsoft.Storage/storageAccounts/userdbstorageacct/fileServices/default/fileshares/postgresdatashare",
            "storage_account_name": "userdbstorageacct",
            "timeouts": null,
            "url": "https://userdbstorageacct.file.core.windows.net/postgresdatashare"
          },
          "sensitive_attributes": [],
          "private": "eyJlMmJmYjczMC1lY2FhLTExZTYtOGY4OC0zNDM2M2JjN2M0YzAiOnsiY3JlYXRlIjoxODAwMDAwMDAwMDAwLCJkZWxldGUiOjE4MDAwMDAwMDAwMDAsInJlYWQiOjMwMDAwMDAwMDAwMCwidXBkYXRlIjoxODAwMDAwMDAwMDAwfSwic2NoZW1hX3ZlcnNpb24iOiIyIn0=",
          "dependencies": [
            "azurerm_resource_group.martapp_rg",
            "azurerm_storage_account.user_db_storage"
          ]
        }
      ]
    }
  ],
  "check_results": null
}
